<?xml version="1.0" encoding="utf-8"?>
<Project ToolsVersion="4.0" xmlns="http://schemas.microsoft.com/developer/msbuild/2003">
  <ItemGroup>
    <ClCompile Include="main.cpp" />
    <ClCompile Include="Scene.cpp">
      <Filter>Scene</Filter>
    </ClCompile>
    <ClCompile Include="SceneGame.cpp">
      <Filter>Scene</Filter>
    </ClCompile>
    <ClCompile Include="SceneTitle.cpp">
      <Filter>Scene</Filter>
    </ClCompile>
    <ClCompile Include="Player.cpp" />
    <ClCompile Include="Map.cpp" />
    <ClCompile Include="ColliderManager.cpp">
      <Filter>Collider\Manager</Filter>
    </ClCompile>
    <ClCompile Include="Collider.cpp">
      <Filter>Collider</Filter>
    </ClCompile>
    <ClCompile Include="Object.cpp">
      <Filter>Object</Filter>
    </ClCompile>
    <ClCompile Include="ObjectManager.cpp">
      <Filter>Object\Manager</Filter>
    </ClCompile>
    <ClCompile Include="ObjectTest.cpp">
      <Filter>Object</Filter>
    </ClCompile>
    <ClCompile Include="SceneManager.cpp">
      <Filter>Scene\Manager</Filter>
    </ClCompile>
  </ItemGroup>
  <ItemGroup>
    <ClInclude Include="const.h" />
    <ClInclude Include="Scene.h">
      <Filter>Scene</Filter>
    </ClInclude>
    <ClInclude Include="SceneGame.h">
      <Filter>Scene</Filter>
    </ClInclude>
    <ClInclude Include="SceneTitle.h">
      <Filter>Scene</Filter>
    </ClInclude>
    <ClInclude Include="Player.h" />
    <ClInclude Include="Map.h" />
    <ClInclude Include="ColliderManager.h">
      <Filter>Collider\Manager</Filter>
    </ClInclude>
    <ClInclude Include="Collider.h">
      <Filter>Collider</Filter>
    </ClInclude>
    <ClInclude Include="Object.h">
      <Filter>Object</Filter>
    </ClInclude>
    <ClInclude Include="ObjectManager.h">
      <Filter>Object\Manager</Filter>
    </ClInclude>
    <ClInclude Include="ObjectTest.h">
      <Filter>Object</Filter>
    </ClInclude>
    <ClInclude Include="SceneManager.h">
      <Filter>Scene\Manager</Filter>
    </ClInclude>
  </ItemGroup>
  <ItemGroup>
    <Filter Include="Scene">
      <UniqueIdentifier>{4012b52d-5d76-40f1-a75e-41f3a84a8022}</UniqueIdentifier>
    </Filter>
    <Filter Include="Collider">
      <UniqueIdentifier>{0e07667d-4559-488a-9954-3651c285ab7c}</UniqueIdentifier>
    </Filter>
    <Filter Include="Collider\Manager">
      <UniqueIdentifier>{9b151d6e-c5fe-4923-a9da-c0cec235aa6a}</UniqueIdentifier>
    </Filter>
    <Filter Include="Object">
      <UniqueIdentifier>{f27a899e-bafa-4fac-9353-e9de7966b286}</UniqueIdentifier>
    </Filter>
    <Filter Include="Object\Manager">
      <UniqueIdentifier>{ea300f8e-4ee2-464c-933f-d21d39c22232}</UniqueIdentifier>
    </Filter>
    <Filter Include="Scene\Manager">
      <UniqueIdentifier>{268c38b1-58f0-40de-bf53-da2daa1c87c1}</UniqueIdentifier>
    </Filter>
  </ItemGroup>
</Project>